
Microsoft Visual Studio Solution File, Format Version 12.00
# Visual Studio Version 17
VisualStudioVersion = 17.0.31903.59
MinimumVisualStudioVersion = 10.0.40219.1
Project("{FAE04EC0-301F-11D3-BF4B-00C04F79EFBC}") = "API", "API\API.csproj", "{670F5D66-41FE-484D-B461-16A72C7EF75F}"
EndProject
Project("{FAE04EC0-301F-11D3-BF4B-00C04F79EFBC}") = "Application", "Application\Application.csproj", "{D27F643B-F5F8-4D4A-B443-5E004F7DE953}"
EndProject
Project("{FAE04EC0-301F-11D3-BF4B-00C04F79EFBC}") = "Domain", "Domain\Domain.csproj", "{C9CDE2C5-9EBA-4040-B560-09090DE31F43}"
EndProject
Project("{FAE04EC0-301F-11D3-BF4B-00C04F79EFBC}") = "Persistence", "Persistence\Persistence.csproj", "{37E02196-8514-4746-8095-F251F6A7BE96}"
EndProject
Global
	GlobalSection(SolutionConfigurationPlatforms) = preSolution
		Debug|Any CPU = Debug|Any CPU
		Release|Any CPU = Release|Any CPU
	EndGlobalSection
	GlobalSection(SolutionProperties) = preSolution
		HideSolutionNode = FALSE
	EndGlobalSection
	GlobalSection(ProjectConfigurationPlatforms) = postSolution
		{670F5D66-41FE-484D-B461-16A72C7EF75F}.Debug|Any CPU.ActiveCfg = Debug|Any CPU
		{670F5D66-41FE-484D-B461-16A72C7EF75F}.Debug|Any CPU.Build.0 = Debug|Any CPU
		{670F5D66-41FE-484D-B461-16A72C7EF75F}.Release|Any CPU.ActiveCfg = Release|Any CPU
		{670F5D66-41FE-484D-B461-16A72C7EF75F}.Release|Any CPU.Build.0 = Release|Any CPU
		{D27F643B-F5F8-4D4A-B443-5E004F7DE953}.Debug|Any CPU.ActiveCfg = Debug|Any CPU
		{D27F643B-F5F8-4D4A-B443-5E004F7DE953}.Debug|Any CPU.Build.0 = Debug|Any CPU
		{D27F643B-F5F8-4D4A-B443-5E004F7DE953}.Release|Any CPU.ActiveCfg = Release|Any CPU
		{D27F643B-F5F8-4D4A-B443-5E004F7DE953}.Release|Any CPU.Build.0 = Release|Any CPU
		{C9CDE2C5-9EBA-4040-B560-09090DE31F43}.Debug|Any CPU.ActiveCfg = Debug|Any CPU
		{C9CDE2C5-9EBA-4040-B560-09090DE31F43}.Debug|Any CPU.Build.0 = Debug|Any CPU
		{C9CDE2C5-9EBA-4040-B560-09090DE31F43}.Release|Any CPU.ActiveCfg = Release|Any CPU
		{C9CDE2C5-9EBA-4040-B560-09090DE31F43}.Release|Any CPU.Build.0 = Release|Any CPU
		{37E02196-8514-4746-8095-F251F6A7BE96}.Debug|Any CPU.ActiveCfg = Debug|Any CPU
		{37E02196-8514-4746-8095-F251F6A7BE96}.Debug|Any CPU.Build.0 = Debug|Any CPU
		{37E02196-8514-4746-8095-F251F6A7BE96}.Release|Any CPU.ActiveCfg = Release|Any CPU
		{37E02196-8514-4746-8095-F251F6A7BE96}.Release|Any CPU.Build.0 = Release|Any CPU
	EndGlobalSection
EndGlobal
